
Microsoft Visual Studio Solution File, Format Version 11.00
# Visual Studio 2010
Project("{FAE04EC0-301F-11D3-BF4B-00C04F79EFBC}") = "UDT", "UDT.csproj", "{4874490A-DD54-4632-AF75-D8B2D4F1B3F5}"
EndProject
Global
	GlobalSection(SolutionConfigurationPlatforms) = preSolution
		Debug|x86 = Debug|x86
		Release|x86 = Release|x86
	EndGlobalSection
	GlobalSection(ProjectConfigurationPlatforms) = postSolution
		{4874490A-DD54-4632-AF75-D8B2D4F1B3F5}.Debug|x86.ActiveCfg = Debug|x86
		{4874490A-DD54-4632-AF75-D8B2D4F1B3F5}.Debug|x86.Build.0 = Debug|x86
		{4874490A-DD54-4632-AF75-D8B2D4F1B3F5}.Release|x86.ActiveCfg = Release|x86
		{4874490A-DD54-4632-AF75-D8B2D4F1B3F5}.Release|x86.Build.0 = Release|x86
	EndGlobalSection
	GlobalSection(SolutionProperties) = preSolution
		HideSolutionNode = FALSE
	EndGlobalSection
EndGlobal
