
Microsoft Visual Studio Solution File, Format Version 12.00
# Visual Studio 2013
VisualStudioVersion = 12.0.31101.0
MinimumVisualStudioVersion = 10.0.40219.1
Project("{FAE04EC0-301F-11D3-BF4B-00C04F79EFBC}") = "DownloadLinks", "DownloadLinks.csproj", "{C437A638-43B3-47ED-AD41-AB124159F98B}"
EndProject
Global
	GlobalSection(SolutionConfigurationPlatforms) = preSolution
		Debug|Any CPU = Debug|Any CPU
		Release|Any CPU = Release|Any CPU
	EndGlobalSection
	GlobalSection(ProjectConfigurationPlatforms) = postSolution
		{C437A638-43B3-47ED-AD41-AB124159F98B}.Debug|Any CPU.ActiveCfg = Debug|Any CPU
		{C437A638-43B3-47ED-AD41-AB124159F98B}.Debug|Any CPU.Build.0 = Debug|Any CPU
		{C437A638-43B3-47ED-AD41-AB124159F98B}.Release|Any CPU.ActiveCfg = Release|Any CPU
		{C437A638-43B3-47ED-AD41-AB124159F98B}.Release|Any CPU.Build.0 = Release|Any CPU
	EndGlobalSection
	GlobalSection(SolutionProperties) = preSolution
		HideSolutionNode = FALSE
	EndGlobalSection
EndGlobal
